
Microsoft Visual Studio Solution File, Format Version 12.00
# Visual Studio Version 17
VisualStudioVersion = 17.5.002.0
MinimumVisualStudioVersion = 10.0.40219.1
Project("{9A19103F-16F7-4668-BE54-9A1E7A4F7556}") = "Frontend", "Frontend\Frontend.csproj", "{FB849454-C84F-4B50-89CE-F974A814BE77}"
EndProject
Project("{9A19103F-16F7-4668-BE54-9A1E7A4F7556}") = "Backend", "Backend\Backend.csproj", "{07FF732A-143C-436F-97E2-DE063D8D19ED}"
EndProject
Project("{FAE04EC0-301F-11D3-BF4B-00C04F79EFBC}") = "Shared", "Shared\Shared.csproj", "{9E5D7B74-4878-4D64-A1E4-4BFACC3EA80C}"
EndProject
Global
	GlobalSection(SolutionConfigurationPlatforms) = preSolution
		Debug|Any CPU = Debug|Any CPU
		Release|Any CPU = Release|Any CPU
	EndGlobalSection
	GlobalSection(ProjectConfigurationPlatforms) = postSolution
		{FB849454-C84F-4B50-89CE-F974A814BE77}.Debug|Any CPU.ActiveCfg = Debug|Any CPU
		{FB849454-C84F-4B50-89CE-F974A814BE77}.Debug|Any CPU.Build.0 = Debug|Any CPU
		{FB849454-C84F-4B50-89CE-F974A814BE77}.Release|Any CPU.ActiveCfg = Release|Any CPU
		{FB849454-C84F-4B50-89CE-F974A814BE77}.Release|Any CPU.Build.0 = Release|Any CPU
		{07FF732A-143C-436F-97E2-DE063D8D19ED}.Debug|Any CPU.ActiveCfg = Debug|Any CPU
		{07FF732A-143C-436F-97E2-DE063D8D19ED}.Debug|Any CPU.Build.0 = Debug|Any CPU
		{07FF732A-143C-436F-97E2-DE063D8D19ED}.Release|Any CPU.ActiveCfg = Release|Any CPU
		{07FF732A-143C-436F-97E2-DE063D8D19ED}.Release|Any CPU.Build.0 = Release|Any CPU
		{9E5D7B74-4878-4D64-A1E4-4BFACC3EA80C}.Debug|Any CPU.ActiveCfg = Debug|Any CPU
		{9E5D7B74-4878-4D64-A1E4-4BFACC3EA80C}.Debug|Any CPU.Build.0 = Debug|Any CPU
		{9E5D7B74-4878-4D64-A1E4-4BFACC3EA80C}.Release|Any CPU.ActiveCfg = Release|Any CPU
		{9E5D7B74-4878-4D64-A1E4-4BFACC3EA80C}.Release|Any CPU.Build.0 = Release|Any CPU
	EndGlobalSection
	GlobalSection(SolutionProperties) = preSolution
		HideSolutionNode = FALSE
	EndGlobalSection
	GlobalSection(ExtensibilityGlobals) = postSolution
		SolutionGuid = {87041B47-4242-4E21-9E46-F2F38862F6A5}
	EndGlobalSection
EndGlobal
